// !$*UTF8*$!
{
	archiveVersion = 1;
	classes = {
	};
	objectVersion = 50;
	objects = {

/* Begin PBXBuildFile section */
		BC34FB30D772E21C7F7ECF3C /* Pods_MarvelApp.framework in Frameworks */ = {isa = PBXBuildFile; fileRef = FF229689624A685FD05F036B /* Pods_MarvelApp.framework */; };
		C16CAAE7369198FA78AD365B /* Pods_MarvelAppTests.framework in Frameworks */ = {isa = PBXBuildFile; fileRef = FE15DCAEDFBA74519E1AE75C /* Pods_MarvelAppTests.framework */; };
		C20E6A6522289D540074A0FD /* CompositionRoot.swift in Sources */ = {isa = PBXBuildFile; fileRef = C20E6A6422289D540074A0FD /* CompositionRoot.swift */; };
		C22822B822285624009AB12C /* AppDelegate.swift in Sources */ = {isa = PBXBuildFile; fileRef = C22822B722285624009AB12C /* AppDelegate.swift */; };
		C22822BA22285624009AB12C /* SuperheroListView.swift in Sources */ = {isa = PBXBuildFile; fileRef = C22822B922285624009AB12C /* SuperheroListView.swift */; };
		C22822BC22285624009AB12C /* SuperheroDetailView.swift in Sources */ = {isa = PBXBuildFile; fileRef = C22822BB22285624009AB12C /* SuperheroDetailView.swift */; };
		C22822BF22285624009AB12C /* Main.storyboard in Resources */ = {isa = PBXBuildFile; fileRef = C22822BD22285624009AB12C /* Main.storyboard */; };
		C22822C122285625009AB12C /* Assets.xcassets in Resources */ = {isa = PBXBuildFile; fileRef = C22822C022285625009AB12C /* Assets.xcassets */; };
		C22822CF22285625009AB12C /* MarvelAppTests.swift in Sources */ = {isa = PBXBuildFile; fileRef = C22822CE22285625009AB12C /* MarvelAppTests.swift */; };
		C22822DA22285625009AB12C /* MarvelAppUITests.swift in Sources */ = {isa = PBXBuildFile; fileRef = C22822D922285625009AB12C /* MarvelAppUITests.swift */; };
		C249D2FE222D61C000D59B03 /* Colors.swift in Sources */ = {isa = PBXBuildFile; fileRef = C249D2FD222D61C000D59B03 /* Colors.swift */; };
		C297A5ED222AF5810081CBCF /* MarvelApiClient.swift in Sources */ = {isa = PBXBuildFile; fileRef = C297A5EC222AF5810081CBCF /* MarvelApiClient.swift */; };
		C297A5F1222AFB2B0081CBCF /* CharactersDto.swift in Sources */ = {isa = PBXBuildFile; fileRef = C297A5F0222AFB2B0081CBCF /* CharactersDto.swift */; };
		C297A5F3222AFB410081CBCF /* CharacterDto.swift in Sources */ = {isa = PBXBuildFile; fileRef = C297A5F2222AFB410081CBCF /* CharacterDto.swift */; };
		C297A5F5222B14D60081CBCF /* MarvelApiData.swift in Sources */ = {isa = PBXBuildFile; fileRef = C297A5F4222B14D60081CBCF /* MarvelApiData.swift */; };
		C297A5F9222B36D20081CBCF /* MediaListDto.swift in Sources */ = {isa = PBXBuildFile; fileRef = C297A5F8222B36D20081CBCF /* MediaListDto.swift */; };
		C297A5FB222B39900081CBCF /* UrlDto.swift in Sources */ = {isa = PBXBuildFile; fileRef = C297A5FA222B39900081CBCF /* UrlDto.swift */; };
		C297A5FD222B3A7C0081CBCF /* MediaDto.swift in Sources */ = {isa = PBXBuildFile; fileRef = C297A5FC222B3A7C0081CBCF /* MediaDto.swift */; };
		C2A5F132222886D4007D45AE /* Superhero.swift in Sources */ = {isa = PBXBuildFile; fileRef = C2A5F131222886D4007D45AE /* Superhero.swift */; };
		C2A5F136222887D3007D45AE /* SuperheroService.swift in Sources */ = {isa = PBXBuildFile; fileRef = C2A5F135222887D3007D45AE /* SuperheroService.swift */; };
		C2A5F13A22288F46007D45AE /* SuperheroViewModel.swift in Sources */ = {isa = PBXBuildFile; fileRef = C2A5F13922288F46007D45AE /* SuperheroViewModel.swift */; };
		C2A5F13C222891F4007D45AE /* SuperheroListViewModel.swift in Sources */ = {isa = PBXBuildFile; fileRef = C2A5F13B222891F4007D45AE /* SuperheroListViewModel.swift */; };
		EE2991FB77BF727ECC1602FB /* Pods_MarvelAppUITests.framework in Frameworks */ = {isa = PBXBuildFile; fileRef = C2F1882BA78C359DCB6E6885 /* Pods_MarvelAppUITests.framework */; };
/* End PBXBuildFile section */

/* Begin PBXContainerItemProxy section */
		C22822CB22285625009AB12C /* PBXContainerItemProxy */ = {
			isa = PBXContainerItemProxy;
			containerPortal = C22822AC22285624009AB12C /* Project object */;
			proxyType = 1;
			remoteGlobalIDString = C22822B322285624009AB12C;
			remoteInfo = MarvelApp;
		};
		C22822D622285625009AB12C /* PBXContainerItemProxy */ = {
			isa = PBXContainerItemProxy;
			containerPortal = C22822AC22285624009AB12C /* Project object */;
			proxyType = 1;
			remoteGlobalIDString = C22822B322285624009AB12C;
			remoteInfo = MarvelApp;
		};
/* End PBXContainerItemProxy section */

/* Begin PBXFileReference section */
		148B5D15299E236B6854D467 /* Pods-MarvelApp.release.xcconfig */ = {isa = PBXFileReference; includeInIndex = 1; lastKnownFileType = text.xcconfig; name = "Pods-MarvelApp.release.xcconfig"; path = "Target Support Files/Pods-MarvelApp/Pods-MarvelApp.release.xcconfig"; sourceTree = "<group>"; };
		2FF82A28A35D812B22A368DF /* Pods-MarvelAppUITests.release.xcconfig */ = {isa = PBXFileReference; includeInIndex = 1; lastKnownFileType = text.xcconfig; name = "Pods-MarvelAppUITests.release.xcconfig"; path = "Target Support Files/Pods-MarvelAppUITests/Pods-MarvelAppUITests.release.xcconfig"; sourceTree = "<group>"; };
		79180CB4316F8A2A637E71CC /* Pods-MarvelAppTests.release.xcconfig */ = {isa = PBXFileReference; includeInIndex = 1; lastKnownFileType = text.xcconfig; name = "Pods-MarvelAppTests.release.xcconfig"; path = "Target Support Files/Pods-MarvelAppTests/Pods-MarvelAppTests.release.xcconfig"; sourceTree = "<group>"; };
		972F9F7E22D7318E68F98C8F /* Pods-MarvelAppTests.debug.xcconfig */ = {isa = PBXFileReference; includeInIndex = 1; lastKnownFileType = text.xcconfig; name = "Pods-MarvelAppTests.debug.xcconfig"; path = "Target Support Files/Pods-MarvelAppTests/Pods-MarvelAppTests.debug.xcconfig"; sourceTree = "<group>"; };
		BA67A846FA9CCD148EECEB7B /* Pods-MarvelAppUITests.debug.xcconfig */ = {isa = PBXFileReference; includeInIndex = 1; lastKnownFileType = text.xcconfig; name = "Pods-MarvelAppUITests.debug.xcconfig"; path = "Target Support Files/Pods-MarvelAppUITests/Pods-MarvelAppUITests.debug.xcconfig"; sourceTree = "<group>"; };
		BB3C3120A283FB62462C0E84 /* Pods-MarvelApp.debug.xcconfig */ = {isa = PBXFileReference; includeInIndex = 1; lastKnownFileType = text.xcconfig; name = "Pods-MarvelApp.debug.xcconfig"; path = "Target Support Files/Pods-MarvelApp/Pods-MarvelApp.debug.xcconfig"; sourceTree = "<group>"; };
		C20E6A6422289D540074A0FD /* CompositionRoot.swift */ = {isa = PBXFileReference; lastKnownFileType = sourcecode.swift; path = CompositionRoot.swift; sourceTree = "<group>"; };
		C22822B422285624009AB12C /* MarvelApp.app */ = {isa = PBXFileReference; explicitFileType = wrapper.application; includeInIndex = 0; path = MarvelApp.app; sourceTree = BUILT_PRODUCTS_DIR; };
		C22822B722285624009AB12C /* AppDelegate.swift */ = {isa = PBXFileReference; lastKnownFileType = sourcecode.swift; path = AppDelegate.swift; sourceTree = "<group>"; };
		C22822B922285624009AB12C /* SuperheroListView.swift */ = {isa = PBXFileReference; lastKnownFileType = sourcecode.swift; path = SuperheroListView.swift; sourceTree = "<group>"; };
		C22822BB22285624009AB12C /* SuperheroDetailView.swift */ = {isa = PBXFileReference; lastKnownFileType = sourcecode.swift; path = SuperheroDetailView.swift; sourceTree = "<group>"; };
		C22822BE22285624009AB12C /* Base */ = {isa = PBXFileReference; lastKnownFileType = file.storyboard; name = Base; path = Base.lproj/Main.storyboard; sourceTree = "<group>"; };
		C22822C022285625009AB12C /* Assets.xcassets */ = {isa = PBXFileReference; lastKnownFileType = folder.assetcatalog; path = Assets.xcassets; sourceTree = "<group>"; };
		C22822C522285625009AB12C /* Info.plist */ = {isa = PBXFileReference; lastKnownFileType = text.plist.xml; path = Info.plist; sourceTree = "<group>"; };
		C22822CA22285625009AB12C /* MarvelAppTests.xctest */ = {isa = PBXFileReference; explicitFileType = wrapper.cfbundle; includeInIndex = 0; path = MarvelAppTests.xctest; sourceTree = BUILT_PRODUCTS_DIR; };
		C22822CE22285625009AB12C /* MarvelAppTests.swift */ = {isa = PBXFileReference; lastKnownFileType = sourcecode.swift; path = MarvelAppTests.swift; sourceTree = "<group>"; };
		C22822D022285625009AB12C /* Info.plist */ = {isa = PBXFileReference; lastKnownFileType = text.plist.xml; path = Info.plist; sourceTree = "<group>"; };
		C22822D522285625009AB12C /* MarvelAppUITests.xctest */ = {isa = PBXFileReference; explicitFileType = wrapper.cfbundle; includeInIndex = 0; path = MarvelAppUITests.xctest; sourceTree = BUILT_PRODUCTS_DIR; };
		C22822D922285625009AB12C /* MarvelAppUITests.swift */ = {isa = PBXFileReference; lastKnownFileType = sourcecode.swift; path = MarvelAppUITests.swift; sourceTree = "<group>"; };
		C22822DB22285625009AB12C /* Info.plist */ = {isa = PBXFileReference; lastKnownFileType = text.plist.xml; path = Info.plist; sourceTree = "<group>"; };
		C249D2FD222D61C000D59B03 /* Colors.swift */ = {isa = PBXFileReference; lastKnownFileType = sourcecode.swift; path = Colors.swift; sourceTree = "<group>"; };
		C297A5EC222AF5810081CBCF /* MarvelApiClient.swift */ = {isa = PBXFileReference; lastKnownFileType = sourcecode.swift; path = MarvelApiClient.swift; sourceTree = "<group>"; };
		C297A5F0222AFB2B0081CBCF /* CharactersDto.swift */ = {isa = PBXFileReference; lastKnownFileType = sourcecode.swift; path = CharactersDto.swift; sourceTree = "<group>"; };
		C297A5F2222AFB410081CBCF /* CharacterDto.swift */ = {isa = PBXFileReference; lastKnownFileType = sourcecode.swift; path = CharacterDto.swift; sourceTree = "<group>"; };
		C297A5F4222B14D60081CBCF /* MarvelApiData.swift */ = {isa = PBXFileReference; lastKnownFileType = sourcecode.swift; path = MarvelApiData.swift; sourceTree = "<group>"; };
		C297A5F8222B36D20081CBCF /* MediaListDto.swift */ = {isa = PBXFileReference; lastKnownFileType = sourcecode.swift; path = MediaListDto.swift; sourceTree = "<group>"; };
		C297A5FA222B39900081CBCF /* UrlDto.swift */ = {isa = PBXFileReference; lastKnownFileType = sourcecode.swift; path = UrlDto.swift; sourceTree = "<group>"; };
		C297A5FC222B3A7C0081CBCF /* MediaDto.swift */ = {isa = PBXFileReference; lastKnownFileType = sourcecode.swift; path = MediaDto.swift; sourceTree = "<group>"; };
		C2A5F131222886D4007D45AE /* Superhero.swift */ = {isa = PBXFileReference; lastKnownFileType = sourcecode.swift; path = Superhero.swift; sourceTree = "<group>"; };
		C2A5F135222887D3007D45AE /* SuperheroService.swift */ = {isa = PBXFileReference; lastKnownFileType = sourcecode.swift; path = SuperheroService.swift; sourceTree = "<group>"; };
		C2A5F13922288F46007D45AE /* SuperheroViewModel.swift */ = {isa = PBXFileReference; lastKnownFileType = sourcecode.swift; path = SuperheroViewModel.swift; sourceTree = "<group>"; };
		C2A5F13B222891F4007D45AE /* SuperheroListViewModel.swift */ = {isa = PBXFileReference; lastKnownFileType = sourcecode.swift; path = SuperheroListViewModel.swift; sourceTree = "<group>"; };
		C2F1882BA78C359DCB6E6885 /* Pods_MarvelAppUITests.framework */ = {isa = PBXFileReference; explicitFileType = wrapper.framework; includeInIndex = 0; path = Pods_MarvelAppUITests.framework; sourceTree = BUILT_PRODUCTS_DIR; };
		FE15DCAEDFBA74519E1AE75C /* Pods_MarvelAppTests.framework */ = {isa = PBXFileReference; explicitFileType = wrapper.framework; includeInIndex = 0; path = Pods_MarvelAppTests.framework; sourceTree = BUILT_PRODUCTS_DIR; };
		FF229689624A685FD05F036B /* Pods_MarvelApp.framework */ = {isa = PBXFileReference; explicitFileType = wrapper.framework; includeInIndex = 0; path = Pods_MarvelApp.framework; sourceTree = BUILT_PRODUCTS_DIR; };
/* End PBXFileReference section */

/* Begin PBXFrameworksBuildPhase section */
		C22822B122285624009AB12C /* Frameworks */ = {
			isa = PBXFrameworksBuildPhase;
			buildActionMask = 2147483647;
			files = (
				BC34FB30D772E21C7F7ECF3C /* Pods_MarvelApp.framework in Frameworks */,
			);
			runOnlyForDeploymentPostprocessing = 0;
		};
		C22822C722285625009AB12C /* Frameworks */ = {
			isa = PBXFrameworksBuildPhase;
			buildActionMask = 2147483647;
			files = (
				C16CAAE7369198FA78AD365B /* Pods_MarvelAppTests.framework in Frameworks */,
			);
			runOnlyForDeploymentPostprocessing = 0;
		};
		C22822D222285625009AB12C /* Frameworks */ = {
			isa = PBXFrameworksBuildPhase;
			buildActionMask = 2147483647;
			files = (
				EE2991FB77BF727ECC1602FB /* Pods_MarvelAppUITests.framework in Frameworks */,
			);
			runOnlyForDeploymentPostprocessing = 0;
		};
/* End PBXFrameworksBuildPhase section */

/* Begin PBXGroup section */
		3A5286392CF41A5A5B059D68 /* Pods */ = {
			isa = PBXGroup;
			children = (
				BB3C3120A283FB62462C0E84 /* Pods-MarvelApp.debug.xcconfig */,
				148B5D15299E236B6854D467 /* Pods-MarvelApp.release.xcconfig */,
				972F9F7E22D7318E68F98C8F /* Pods-MarvelAppTests.debug.xcconfig */,
				79180CB4316F8A2A637E71CC /* Pods-MarvelAppTests.release.xcconfig */,
				BA67A846FA9CCD148EECEB7B /* Pods-MarvelAppUITests.debug.xcconfig */,
				2FF82A28A35D812B22A368DF /* Pods-MarvelAppUITests.release.xcconfig */,
			);
			path = Pods;
			sourceTree = "<group>";
		};
		716E4E00C1B25FA67F435F7D /* Frameworks */ = {
			isa = PBXGroup;
			children = (
				FF229689624A685FD05F036B /* Pods_MarvelApp.framework */,
				FE15DCAEDFBA74519E1AE75C /* Pods_MarvelAppTests.framework */,
				C2F1882BA78C359DCB6E6885 /* Pods_MarvelAppUITests.framework */,
			);
			name = Frameworks;
			sourceTree = "<group>";
		};
		C22822AB22285624009AB12C = {
			isa = PBXGroup;
			children = (
				C22822B622285624009AB12C /* MarvelApp */,
				C22822CD22285625009AB12C /* MarvelAppTests */,
				C22822D822285625009AB12C /* MarvelAppUITests */,
				C22822B522285624009AB12C /* Products */,
				3A5286392CF41A5A5B059D68 /* Pods */,
				716E4E00C1B25FA67F435F7D /* Frameworks */,
			);
			sourceTree = "<group>";
		};
		C22822B522285624009AB12C /* Products */ = {
			isa = PBXGroup;
			children = (
				C22822B422285624009AB12C /* MarvelApp.app */,
				C22822CA22285625009AB12C /* MarvelAppTests.xctest */,
				C22822D522285625009AB12C /* MarvelAppUITests.xctest */,
			);
			name = Products;
			sourceTree = "<group>";
		};
		C22822B622285624009AB12C /* MarvelApp */ = {
			isa = PBXGroup;
			children = (
				C2A5F13D22289381007D45AE /* View */,
				C2A5F13822288F30007D45AE /* Application */,
				C2A5F130222886BF007D45AE /* Domain */,
				C297A5EB222AF5690081CBCF /* Infrastructure */,
				C22822B722285624009AB12C /* AppDelegate.swift */,
				C22822BD22285624009AB12C /* Main.storyboard */,
				C22822C022285625009AB12C /* Assets.xcassets */,
				C22822C522285625009AB12C /* Info.plist */,
				C20E6A6422289D540074A0FD /* CompositionRoot.swift */,
			);
			path = MarvelApp;
			sourceTree = "<group>";
		};
		C22822CD22285625009AB12C /* MarvelAppTests */ = {
			isa = PBXGroup;
			children = (
				C22822CE22285625009AB12C /* MarvelAppTests.swift */,
				C22822D022285625009AB12C /* Info.plist */,
			);
			path = MarvelAppTests;
			sourceTree = "<group>";
		};
		C22822D822285625009AB12C /* MarvelAppUITests */ = {
			isa = PBXGroup;
			children = (
				C22822D922285625009AB12C /* MarvelAppUITests.swift */,
				C22822DB22285625009AB12C /* Info.plist */,
			);
			path = MarvelAppUITests;
			sourceTree = "<group>";
		};
		C297A5EB222AF5690081CBCF /* Infrastructure */ = {
			isa = PBXGroup;
			children = (
				C297A5EE222AFAD80081CBCF /* MarvelApi */,
			);
			path = Infrastructure;
			sourceTree = "<group>";
		};
		C297A5EE222AFAD80081CBCF /* MarvelApi */ = {
			isa = PBXGroup;
			children = (
				C297A5EF222AFAE70081CBCF /* Dto */,
				C297A5EC222AF5810081CBCF /* MarvelApiClient.swift */,
			);
			path = MarvelApi;
			sourceTree = "<group>";
		};
		C297A5EF222AFAE70081CBCF /* Dto */ = {
			isa = PBXGroup;
			children = (
				C297A5F2222AFB410081CBCF /* CharacterDto.swift */,
				C297A5F0222AFB2B0081CBCF /* CharactersDto.swift */,
				C297A5FC222B3A7C0081CBCF /* MediaDto.swift */,
				C297A5F8222B36D20081CBCF /* MediaListDto.swift */,
				C297A5FA222B39900081CBCF /* UrlDto.swift */,
			);
			path = Dto;
			sourceTree = "<group>";
		};
		C2A5F130222886BF007D45AE /* Domain */ = {
			isa = PBXGroup;
			children = (
				C2A5F134222887BB007D45AE /* Service */,
				C2A5F133222887AF007D45AE /* Model */,
			);
			path = Domain;
			sourceTree = "<group>";
		};
		C2A5F133222887AF007D45AE /* Model */ = {
			isa = PBXGroup;
			children = (
				C2A5F131222886D4007D45AE /* Superhero.swift */,
				C297A5F4222B14D60081CBCF /* MarvelApiData.swift */,
			);
			path = Model;
			sourceTree = "<group>";
		};
		C2A5F134222887BB007D45AE /* Service */ = {
			isa = PBXGroup;
			children = (
				C2A5F135222887D3007D45AE /* SuperheroService.swift */,
			);
			path = Service;
			sourceTree = "<group>";
		};
		C2A5F13722288F22007D45AE /* ViewModel */ = {
			isa = PBXGroup;
			children = (
				C2A5F13922288F46007D45AE /* SuperheroViewModel.swift */,
				C2A5F13B222891F4007D45AE /* SuperheroListViewModel.swift */,
			);
			path = ViewModel;
			sourceTree = "<group>";
		};
		C2A5F13822288F30007D45AE /* Application */ = {
			isa = PBXGroup;
			children = (
				C2A5F13722288F22007D45AE /* ViewModel */,
			);
			path = Application;
			sourceTree = "<group>";
		};
		C2A5F13D22289381007D45AE /* View */ = {
			isa = PBXGroup;
			children = (
				C22822B922285624009AB12C /* SuperheroListView.swift */,
				C22822BB22285624009AB12C /* SuperheroDetailView.swift */,
				C249D2FD222D61C000D59B03 /* Colors.swift */,
			);
			path = View;
			sourceTree = "<group>";
		};
/* End PBXGroup section */

/* Begin PBXNativeTarget section */
		C22822B322285624009AB12C /* MarvelApp */ = {
			isa = PBXNativeTarget;
			buildConfigurationList = C22822DE22285625009AB12C /* Build configuration list for PBXNativeTarget "MarvelApp" */;
			buildPhases = (
				1D374D945756CD5C91E975B9 /* [CP] Check Pods Manifest.lock */,
				C22822B022285624009AB12C /* Sources */,
				C22822B122285624009AB12C /* Frameworks */,
				C22822B222285624009AB12C /* Resources */,
				59044BC9926959C0BC69E0E0 /* [CP] Embed Pods Frameworks */,
			);
			buildRules = (
			);
			dependencies = (
			);
			name = MarvelApp;
			productName = MarvelApp;
			productReference = C22822B422285624009AB12C /* MarvelApp.app */;
			productType = "com.apple.product-type.application";
		};
		C22822C922285625009AB12C /* MarvelAppTests */ = {
			isa = PBXNativeTarget;
			buildConfigurationList = C22822E122285625009AB12C /* Build configuration list for PBXNativeTarget "MarvelAppTests" */;
			buildPhases = (
				195087AF5853240611D385B4 /* [CP] Check Pods Manifest.lock */,
				C22822C622285625009AB12C /* Sources */,
				C22822C722285625009AB12C /* Frameworks */,
				C22822C822285625009AB12C /* Resources */,
				FCCB694BD83731B7BEEB42BF /* [CP] Embed Pods Frameworks */,
			);
			buildRules = (
			);
			dependencies = (
				C22822CC22285625009AB12C /* PBXTargetDependency */,
			);
			name = MarvelAppTests;
			productName = MarvelAppTests;
			productReference = C22822CA22285625009AB12C /* MarvelAppTests.xctest */;
			productType = "com.apple.product-type.bundle.unit-test";
		};
		C22822D422285625009AB12C /* MarvelAppUITests */ = {
			isa = PBXNativeTarget;
			buildConfigurationList = C22822E422285625009AB12C /* Build configuration list for PBXNativeTarget "MarvelAppUITests" */;
			buildPhases = (
				14227674F9A473BCC13B1942 /* [CP] Check Pods Manifest.lock */,
				C22822D122285625009AB12C /* Sources */,
				C22822D222285625009AB12C /* Frameworks */,
				C22822D322285625009AB12C /* Resources */,
			);
			buildRules = (
			);
			dependencies = (
				C22822D722285625009AB12C /* PBXTargetDependency */,
			);
			name = MarvelAppUITests;
			productName = MarvelAppUITests;
			productReference = C22822D522285625009AB12C /* MarvelAppUITests.xctest */;
			productType = "com.apple.product-type.bundle.ui-testing";
		};
/* End PBXNativeTarget section */

/* Begin PBXProject section */
		C22822AC22285624009AB12C /* Project object */ = {
			isa = PBXProject;
			attributes = {
				LastSwiftUpdateCheck = 1010;
				LastUpgradeCheck = 1010;
				ORGANIZATIONNAME = "Marcelo Vazquez";
				TargetAttributes = {
					C22822B322285624009AB12C = {
						CreatedOnToolsVersion = 10.1;
					};
					C22822C922285625009AB12C = {
						CreatedOnToolsVersion = 10.1;
						TestTargetID = C22822B322285624009AB12C;
					};
					C22822D422285625009AB12C = {
						CreatedOnToolsVersion = 10.1;
						TestTargetID = C22822B322285624009AB12C;
					};
				};
			};
			buildConfigurationList = C22822AF22285624009AB12C /* Build configuration list for PBXProject "MarvelApp" */;
			compatibilityVersion = "Xcode 9.3";
			developmentRegion = en;
			hasScannedForEncodings = 0;
			knownRegions = (
				en,
				Base,
			);
			mainGroup = C22822AB22285624009AB12C;
			productRefGroup = C22822B522285624009AB12C /* Products */;
			projectDirPath = "";
			projectRoot = "";
			targets = (
				C22822B322285624009AB12C /* MarvelApp */,
				C22822C922285625009AB12C /* MarvelAppTests */,
				C22822D422285625009AB12C /* MarvelAppUITests */,
			);
		};
/* End PBXProject section */

/* Begin PBXResourcesBuildPhase section */
		C22822B222285624009AB12C /* Resources */ = {
			isa = PBXResourcesBuildPhase;
			buildActionMask = 2147483647;
			files = (
				C22822C122285625009AB12C /* Assets.xcassets in Resources */,
				C22822BF22285624009AB12C /* Main.storyboard in Resources */,
			);
			runOnlyForDeploymentPostprocessing = 0;
		};
		C22822C822285625009AB12C /* Resources */ = {
			isa = PBXResourcesBuildPhase;
			buildActionMask = 2147483647;
			files = (
			);
			runOnlyForDeploymentPostprocessing = 0;
		};
		C22822D322285625009AB12C /* Resources */ = {
			isa = PBXResourcesBuildPhase;
			buildActionMask = 2147483647;
			files = (
			);
			runOnlyForDeploymentPostprocessing = 0;
		};
/* End PBXResourcesBuildPhase section */

/* Begin PBXShellScriptBuildPhase section */
		14227674F9A473BCC13B1942 /* [CP] Check Pods Manifest.lock */ = {
			isa = PBXShellScriptBuildPhase;
			buildActionMask = 2147483647;
			files = (
			);
			inputFileListPaths = (
			);
			inputPaths = (
				"${PODS_PODFILE_DIR_PATH}/Podfile.lock",
				"${PODS_ROOT}/Manifest.lock",
			);
			name = "[CP] Check Pods Manifest.lock";
			outputFileListPaths = (
			);
			outputPaths = (
				"$(DERIVED_FILE_DIR)/Pods-MarvelAppUITests-checkManifestLockResult.txt",
			);
			runOnlyForDeploymentPostprocessing = 0;
			shellPath = /bin/sh;
			shellScript = "diff \"${PODS_PODFILE_DIR_PATH}/Podfile.lock\" \"${PODS_ROOT}/Manifest.lock\" > /dev/null\nif [ $? != 0 ] ; then\n    # print error to STDERR\n    echo \"error: The sandbox is not in sync with the Podfile.lock. Run 'pod install' or update your CocoaPods installation.\" >&2\n    exit 1\nfi\n# This output is used by Xcode 'outputs' to avoid re-running this script phase.\necho \"SUCCESS\" > \"${SCRIPT_OUTPUT_FILE_0}\"\n";
			showEnvVarsInLog = 0;
		};
		195087AF5853240611D385B4 /* [CP] Check Pods Manifest.lock */ = {
			isa = PBXShellScriptBuildPhase;
			buildActionMask = 2147483647;
			files = (
			);
			inputFileListPaths = (
			);
			inputPaths = (
				"${PODS_PODFILE_DIR_PATH}/Podfile.lock",
				"${PODS_ROOT}/Manifest.lock",
			);
			name = "[CP] Check Pods Manifest.lock";
			outputFileListPaths = (
			);
			outputPaths = (
				"$(DERIVED_FILE_DIR)/Pods-MarvelAppTests-checkManifestLockResult.txt",
			);
			runOnlyForDeploymentPostprocessing = 0;
			shellPath = /bin/sh;
			shellScript = "diff \"${PODS_PODFILE_DIR_PATH}/Podfile.lock\" \"${PODS_ROOT}/Manifest.lock\" > /dev/null\nif [ $? != 0 ] ; then\n    # print error to STDERR\n    echo \"error: The sandbox is not in sync with the Podfile.lock. Run 'pod install' or update your CocoaPods installation.\" >&2\n    exit 1\nfi\n# This output is used by Xcode 'outputs' to avoid re-running this script phase.\necho \"SUCCESS\" > \"${SCRIPT_OUTPUT_FILE_0}\"\n";
			showEnvVarsInLog = 0;
		};
		1D374D945756CD5C91E975B9 /* [CP] Check Pods Manifest.lock */ = {
			isa = PBXShellScriptBuildPhase;
			buildActionMask = 2147483647;
			files = (
			);
			inputFileListPaths = (
			);
			inputPaths = (
				"${PODS_PODFILE_DIR_PATH}/Podfile.lock",
				"${PODS_ROOT}/Manifest.lock",
			);
			name = "[CP] Check Pods Manifest.lock";
			outputFileListPaths = (
			);
			outputPaths = (
				"$(DERIVED_FILE_DIR)/Pods-MarvelApp-checkManifestLockResult.txt",
			);
			runOnlyForDeploymentPostprocessing = 0;
			shellPath = /bin/sh;
			shellScript = "diff \"${PODS_PODFILE_DIR_PATH}/Podfile.lock\" \"${PODS_ROOT}/Manifest.lock\" > /dev/null\nif [ $? != 0 ] ; then\n    # print error to STDERR\n    echo \"error: The sandbox is not in sync with the Podfile.lock. Run 'pod install' or update your CocoaPods installation.\" >&2\n    exit 1\nfi\n# This output is used by Xcode 'outputs' to avoid re-running this script phase.\necho \"SUCCESS\" > \"${SCRIPT_OUTPUT_FILE_0}\"\n";
			showEnvVarsInLog = 0;
		};
		59044BC9926959C0BC69E0E0 /* [CP] Embed Pods Frameworks */ = {
			isa = PBXShellScriptBuildPhase;
			buildActionMask = 2147483647;
			files = (
			);
			inputFileListPaths = (
			);
			inputPaths = (
				"${PODS_ROOT}/Target Support Files/Pods-MarvelApp/Pods-MarvelApp-frameworks.sh",
				"${BUILT_PRODUCTS_DIR}/Alamofire/Alamofire.framework",
				"${BUILT_PRODUCTS_DIR}/CryptoSwift/CryptoSwift.framework",
				"${BUILT_PRODUCTS_DIR}/Dip/Dip.framework",
				"${BUILT_PRODUCTS_DIR}/Realm/Realm.framework",
				"${BUILT_PRODUCTS_DIR}/RealmSwift/RealmSwift.framework",
				"${BUILT_PRODUCTS_DIR}/RxAtomic/RxAtomic.framework",
				"${BUILT_PRODUCTS_DIR}/RxCocoa/RxCocoa.framework",
				"${BUILT_PRODUCTS_DIR}/RxSwift/RxSwift.framework",
				"${BUILT_PRODUCTS_DIR}/SDWebImage/SDWebImage.framework",
				"${BUILT_PRODUCTS_DIR}/SwiftyJSON/SwiftyJSON.framework",
			);
			name = "[CP] Embed Pods Frameworks";
			outputFileListPaths = (
			);
			outputPaths = (
				"${TARGET_BUILD_DIR}/${FRAMEWORKS_FOLDER_PATH}/Alamofire.framework",
				"${TARGET_BUILD_DIR}/${FRAMEWORKS_FOLDER_PATH}/CryptoSwift.framework",
				"${TARGET_BUILD_DIR}/${FRAMEWORKS_FOLDER_PATH}/Dip.framework",
				"${TARGET_BUILD_DIR}/${FRAMEWORKS_FOLDER_PATH}/Realm.framework",
				"${TARGET_BUILD_DIR}/${FRAMEWORKS_FOLDER_PATH}/RealmSwift.framework",
				"${TARGET_BUILD_DIR}/${FRAMEWORKS_FOLDER_PATH}/RxAtomic.framework",
				"${TARGET_BUILD_DIR}/${FRAMEWORKS_FOLDER_PATH}/RxCocoa.framework",
				"${TARGET_BUILD_DIR}/${FRAMEWORKS_FOLDER_PATH}/RxSwift.framework",
				"${TARGET_BUILD_DIR}/${FRAMEWORKS_FOLDER_PATH}/SDWebImage.framework",
				"${TARGET_BUILD_DIR}/${FRAMEWORKS_FOLDER_PATH}/SwiftyJSON.framework",
			);
			runOnlyForDeploymentPostprocessing = 0;
			shellPath = /bin/sh;
			shellScript = "\"${PODS_ROOT}/Target Support Files/Pods-MarvelApp/Pods-MarvelApp-frameworks.sh\"\n";
			showEnvVarsInLog = 0;
		};
		FCCB694BD83731B7BEEB42BF /* [CP] Embed Pods Frameworks */ = {
			isa = PBXShellScriptBuildPhase;
			buildActionMask = 2147483647;
			files = (
			);
			inputFileListPaths = (
			);
			inputPaths = (
				"${PODS_ROOT}/Target Support Files/Pods-MarvelAppTests/Pods-MarvelAppTests-frameworks.sh",
				"${BUILT_PRODUCTS_DIR}/RxAtomic/RxAtomic.framework",
				"${BUILT_PRODUCTS_DIR}/RxSwift/RxSwift.framework",
				"${BUILT_PRODUCTS_DIR}/RxBlocking/RxBlocking.framework",
				"${BUILT_PRODUCTS_DIR}/RxTest/RxTest.framework",
			);
			name = "[CP] Embed Pods Frameworks";
			outputFileListPaths = (
			);
			outputPaths = (
				"${TARGET_BUILD_DIR}/${FRAMEWORKS_FOLDER_PATH}/RxAtomic.framework",
				"${TARGET_BUILD_DIR}/${FRAMEWORKS_FOLDER_PATH}/RxSwift.framework",
				"${TARGET_BUILD_DIR}/${FRAMEWORKS_FOLDER_PATH}/RxBlocking.framework",
				"${TARGET_BUILD_DIR}/${FRAMEWORKS_FOLDER_PATH}/RxTest.framework",
			);
			runOnlyForDeploymentPostprocessing = 0;
			shellPath = /bin/sh;
			shellScript = "\"${PODS_ROOT}/Target Support Files/Pods-MarvelAppTests/Pods-MarvelAppTests-frameworks.sh\"\n";
			showEnvVarsInLog = 0;
		};
/* End PBXShellScriptBuildPhase section */

/* Begin PBXSourcesBuildPhase section */
		C22822B022285624009AB12C /* Sources */ = {
			isa = PBXSourcesBuildPhase;
			buildActionMask = 2147483647;
			files = (
				C297A5FD222B3A7C0081CBCF /* MediaDto.swift in Sources */,
				C22822BC22285624009AB12C /* SuperheroDetailView.swift in Sources */,
				C297A5F5222B14D60081CBCF /* MarvelApiData.swift in Sources */,
				C297A5F1222AFB2B0081CBCF /* CharactersDto.swift in Sources */,
				C22822BA22285624009AB12C /* SuperheroListView.swift in Sources */,
				C297A5F3222AFB410081CBCF /* CharacterDto.swift in Sources */,
				C2A5F13A22288F46007D45AE /* SuperheroViewModel.swift in Sources */,
				C22822B822285624009AB12C /* AppDelegate.swift in Sources */,
				C297A5FB222B39900081CBCF /* UrlDto.swift in Sources */,
				C249D2FE222D61C000D59B03 /* Colors.swift in Sources */,
				C2A5F132222886D4007D45AE /* Superhero.swift in Sources */,
				C2A5F136222887D3007D45AE /* SuperheroService.swift in Sources */,
				C20E6A6522289D540074A0FD /* CompositionRoot.swift in Sources */,
				C297A5ED222AF5810081CBCF /* MarvelApiClient.swift in Sources */,
				C2A5F13C222891F4007D45AE /* SuperheroListViewModel.swift in Sources */,
				C297A5F9222B36D20081CBCF /* MediaListDto.swift in Sources */,
			);
			runOnlyForDeploymentPostprocessing = 0;
		};
		C22822C622285625009AB12C /* Sources */ = {
			isa = PBXSourcesBuildPhase;
			buildActionMask = 2147483647;
			files = (
				C22822CF22285625009AB12C /* MarvelAppTests.swift in Sources */,
			);
			runOnlyForDeploymentPostprocessing = 0;
		};
		C22822D122285625009AB12C /* Sources */ = {
			isa = PBXSourcesBuildPhase;
			buildActionMask = 2147483647;
			files = (
				C22822DA22285625009AB12C /* MarvelAppUITests.swift in Sources */,
			);
			runOnlyForDeploymentPostprocessing = 0;
		};
/* End PBXSourcesBuildPhase section */

/* Begin PBXTargetDependency section */
		C22822CC22285625009AB12C /* PBXTargetDependency */ = {
			isa = PBXTargetDependency;
			target = C22822B322285624009AB12C /* MarvelApp */;
			targetProxy = C22822CB22285625009AB12C /* PBXContainerItemProxy */;
		};
		C22822D722285625009AB12C /* PBXTargetDependency */ = {
			isa = PBXTargetDependency;
			target = C22822B322285624009AB12C /* MarvelApp */;
			targetProxy = C22822D622285625009AB12C /* PBXContainerItemProxy */;
		};
/* End PBXTargetDependency section */

/* Begin PBXVariantGroup section */
		C22822BD22285624009AB12C /* Main.storyboard */ = {
			isa = PBXVariantGroup;
			children = (
				C22822BE22285624009AB12C /* Base */,
			);
			name = Main.storyboard;
			sourceTree = "<group>";
		};
/* End PBXVariantGroup section */

/* Begin XCBuildConfiguration section */
		C22822DC22285625009AB12C /* Debug */ = {
			isa = XCBuildConfiguration;
			buildSettings = {
				ALWAYS_SEARCH_USER_PATHS = NO;
				CLANG_ANALYZER_NONNULL = YES;
				CLANG_ANALYZER_NUMBER_OBJECT_CONVERSION = YES_AGGRESSIVE;
				CLANG_CXX_LANGUAGE_STANDARD = "gnu++14";
				CLANG_CXX_LIBRARY = "libc++";
				CLANG_ENABLE_MODULES = YES;
				CLANG_ENABLE_OBJC_ARC = YES;
				CLANG_ENABLE_OBJC_WEAK = YES;
				CLANG_WARN_BLOCK_CAPTURE_AUTORELEASING = YES;
				CLANG_WARN_BOOL_CONVERSION = YES;
				CLANG_WARN_COMMA = YES;
				CLANG_WARN_CONSTANT_CONVERSION = YES;
				CLANG_WARN_DEPRECATED_OBJC_IMPLEMENTATIONS = YES;
				CLANG_WARN_DIRECT_OBJC_ISA_USAGE = YES_ERROR;
				CLANG_WARN_DOCUMENTATION_COMMENTS = YES;
				CLANG_WARN_EMPTY_BODY = YES;
				CLANG_WARN_ENUM_CONVERSION = YES;
				CLANG_WARN_INFINITE_RECURSION = YES;
				CLANG_WARN_INT_CONVERSION = YES;
				CLANG_WARN_NON_LITERAL_NULL_CONVERSION = YES;
				CLANG_WARN_OBJC_IMPLICIT_RETAIN_SELF = YES;
				CLANG_WARN_OBJC_LITERAL_CONVERSION = YES;
				CLANG_WARN_OBJC_ROOT_CLASS = YES_ERROR;
				CLANG_WARN_RANGE_LOOP_ANALYSIS = YES;
				CLANG_WARN_STRICT_PROTOTYPES = YES;
				CLANG_WARN_SUSPICIOUS_MOVE = YES;
				CLANG_WARN_UNGUARDED_AVAILABILITY = YES_AGGRESSIVE;
				CLANG_WARN_UNREACHABLE_CODE = YES;
				CLANG_WARN__DUPLICATE_METHOD_MATCH = YES;
				CODE_SIGN_IDENTITY = "iPhone Developer";
				COPY_PHASE_STRIP = NO;
				DEBUG_INFORMATION_FORMAT = dwarf;
				ENABLE_STRICT_OBJC_MSGSEND = YES;
				ENABLE_TESTABILITY = YES;
				GCC_C_LANGUAGE_STANDARD = gnu11;
				GCC_DYNAMIC_NO_PIC = NO;
				GCC_NO_COMMON_BLOCKS = YES;
				GCC_OPTIMIZATION_LEVEL = 0;
				GCC_PREPROCESSOR_DEFINITIONS = (
					"DEBUG=1",
					"$(inherited)",
				);
				GCC_WARN_64_TO_32_BIT_CONVERSION = YES;
				GCC_WARN_ABOUT_RETURN_TYPE = YES_ERROR;
				GCC_WARN_UNDECLARED_SELECTOR = YES;
				GCC_WARN_UNINITIALIZED_AUTOS = YES_AGGRESSIVE;
				GCC_WARN_UNUSED_FUNCTION = YES;
				GCC_WARN_UNUSED_VARIABLE = YES;
				IPHONEOS_DEPLOYMENT_TARGET = 12.1;
				MTL_ENABLE_DEBUG_INFO = INCLUDE_SOURCE;
				MTL_FAST_MATH = YES;
				ONLY_ACTIVE_ARCH = YES;
				SDKROOT = iphoneos;
				SWIFT_ACTIVE_COMPILATION_CONDITIONS = DEBUG;
				SWIFT_OPTIMIZATION_LEVEL = "-Onone";
			};
			name = Debug;
		};
		C22822DD22285625009AB12C /* Release */ = {
			isa = XCBuildConfiguration;
			buildSettings = {
				ALWAYS_SEARCH_USER_PATHS = NO;
				CLANG_ANALYZER_NONNULL = YES;
				CLANG_ANALYZER_NUMBER_OBJECT_CONVERSION = YES_AGGRESSIVE;
				CLANG_CXX_LANGUAGE_STANDARD = "gnu++14";
				CLANG_CXX_LIBRARY = "libc++";
				CLANG_ENABLE_MODULES = YES;
				CLANG_ENABLE_OBJC_ARC = YES;
				CLANG_ENABLE_OBJC_WEAK = YES;
				CLANG_WARN_BLOCK_CAPTURE_AUTORELEASING = YES;
				CLANG_WARN_BOOL_CONVERSION = YES;
				CLANG_WARN_COMMA = YES;
				CLANG_WARN_CONSTANT_CONVERSION = YES;
				CLANG_WARN_DEPRECATED_OBJC_IMPLEMENTATIONS = YES;
				CLANG_WARN_DIRECT_OBJC_ISA_USAGE = YES_ERROR;
				CLANG_WARN_DOCUMENTATION_COMMENTS = YES;
				CLANG_WARN_EMPTY_BODY = YES;
				CLANG_WARN_ENUM_CONVERSION = YES;
				CLANG_WARN_INFINITE_RECURSION = YES;
				CLANG_WARN_INT_CONVERSION = YES;
				CLANG_WARN_NON_LITERAL_NULL_CONVERSION = YES;
				CLANG_WARN_OBJC_IMPLICIT_RETAIN_SELF = YES;
				CLANG_WARN_OBJC_LITERAL_CONVERSION = YES;
				CLANG_WARN_OBJC_ROOT_CLASS = YES_ERROR;
				CLANG_WARN_RANGE_LOOP_ANALYSIS = YES;
				CLANG_WARN_STRICT_PROTOTYPES = YES;
				CLANG_WARN_SUSPICIOUS_MOVE = YES;
				CLANG_WARN_UNGUARDED_AVAILABILITY = YES_AGGRESSIVE;
				CLANG_WARN_UNREACHABLE_CODE = YES;
				CLANG_WARN__DUPLICATE_METHOD_MATCH = YES;
				CODE_SIGN_IDENTITY = "iPhone Developer";
				COPY_PHASE_STRIP = NO;
				DEBUG_INFORMATION_FORMAT = "dwarf-with-dsym";
				ENABLE_NS_ASSERTIONS = NO;
				ENABLE_STRICT_OBJC_MSGSEND = YES;
				GCC_C_LANGUAGE_STANDARD = gnu11;
				GCC_NO_COMMON_BLOCKS = YES;
				GCC_WARN_64_TO_32_BIT_CONVERSION = YES;
				GCC_WARN_ABOUT_RETURN_TYPE = YES_ERROR;
				GCC_WARN_UNDECLARED_SELECTOR = YES;
				GCC_WARN_UNINITIALIZED_AUTOS = YES_AGGRESSIVE;
				GCC_WARN_UNUSED_FUNCTION = YES;
				GCC_WARN_UNUSED_VARIABLE = YES;
				IPHONEOS_DEPLOYMENT_TARGET = 12.1;
				MTL_ENABLE_DEBUG_INFO = NO;
				MTL_FAST_MATH = YES;
				SDKROOT = iphoneos;
				SWIFT_COMPILATION_MODE = wholemodule;
				SWIFT_OPTIMIZATION_LEVEL = "-O";
				VALIDATE_PRODUCT = YES;
			};
			name = Release;
		};
		C22822DF22285625009AB12C /* Debug */ = {
			isa = XCBuildConfiguration;
			baseConfigurationReference = BB3C3120A283FB62462C0E84 /* Pods-MarvelApp.debug.xcconfig */;
			buildSettings = {
				ASSETCATALOG_COMPILER_APPICON_NAME = AppIcon;
				ASSETCATALOG_COMPILER_LAUNCHIMAGE_NAME = LaunchImage;
				CODE_SIGN_IDENTITY = "iPhone Developer";
				CODE_SIGN_STYLE = Automatic;
				DEVELOPMENT_TEAM = QY583ZUB5E;
				INFOPLIST_FILE = MarvelApp/Info.plist;
				LD_RUNPATH_SEARCH_PATHS = (
					"$(inherited)",
					"@executable_path/Frameworks",
				);
				PRODUCT_BUNDLE_IDENTIFIER = com.mv.MarvelApp;
				PRODUCT_NAME = "$(TARGET_NAME)";
				PROVISIONING_PROFILE_SPECIFIER = "";
				SWIFT_VERSION = 4.2;
				TARGETED_DEVICE_FAMILY = "1,2";
			};
			name = Debug;
		};
		C22822E022285625009AB12C /* Release */ = {
			isa = XCBuildConfiguration;
			baseConfigurationReference = 148B5D15299E236B6854D467 /* Pods-MarvelApp.release.xcconfig */;
			buildSettings = {
				ASSETCATALOG_COMPILER_APPICON_NAME = AppIcon;
				ASSETCATALOG_COMPILER_LAUNCHIMAGE_NAME = LaunchImage;
				CODE_SIGN_IDENTITY = "iPhone Developer";
				CODE_SIGN_STYLE = Automatic;
				DEVELOPMENT_TEAM = QY583ZUB5E;
				INFOPLIST_FILE = MarvelApp/Info.plist;
				LD_RUNPATH_SEARCH_PATHS = (
					"$(inherited)",
					"@executable_path/Frameworks",
				);
				PRODUCT_BUNDLE_IDENTIFIER = com.mv.MarvelApp;
				PRODUCT_NAME = "$(TARGET_NAME)";
				PROVISIONING_PROFILE_SPECIFIER = "";
				SWIFT_VERSION = 4.2;
				TARGETED_DEVICE_FAMILY = "1,2";
			};
			name = Release;
		};
		C22822E222285625009AB12C /* Debug */ = {
			isa = XCBuildConfiguration;
			baseConfigurationReference = 972F9F7E22D7318E68F98C8F /* Pods-MarvelAppTests.debug.xcconfig */;
			buildSettings = {
				ALWAYS_EMBED_SWIFT_STANDARD_LIBRARIES = YES;
				BUNDLE_LOADER = "$(TEST_HOST)";
				CODE_SIGN_STYLE = Automatic;
				INFOPLIST_FILE = MarvelAppTests/Info.plist;
				LD_RUNPATH_SEARCH_PATHS = (
					"$(inherited)",
					"@executable_path/Frameworks",
					"@loader_path/Frameworks",
				);
				PRODUCT_BUNDLE_IDENTIFIER = com.mv.MarvelAppTests;
				PRODUCT_NAME = "$(TARGET_NAME)";
				SWIFT_VERSION = 4.2;
				TARGETED_DEVICE_FAMILY = "1,2";
				TEST_HOST = "$(BUILT_PRODUCTS_DIR)/MarvelApp.app/MarvelApp";
			};
			name = Debug;
		};
		C22822E322285625009AB12C /* Release */ = {
			isa = XCBuildConfiguration;
			baseConfigurationReference = 79180CB4316F8A2A637E71CC /* Pods-MarvelAppTests.release.xcconfig */;
			buildSettings = {
				ALWAYS_EMBED_SWIFT_STANDARD_LIBRARIES = YES;
				BUNDLE_LOADER = "$(TEST_HOST)";
				CODE_SIGN_STYLE = Automatic;
				INFOPLIST_FILE = MarvelAppTests/Info.plist;
				LD_RUNPATH_SEARCH_PATHS = (
					"$(inherited)",
					"@executable_path/Frameworks",
					"@loader_path/Frameworks",
				);
				PRODUCT_BUNDLE_IDENTIFIER = com.mv.MarvelAppTests;
				PRODUCT_NAME = "$(TARGET_NAME)";
				SWIFT_VERSION = 4.2;
				TARGETED_DEVICE_FAMILY = "1,2";
				TEST_HOST = "$(BUILT_PRODUCTS_DIR)/MarvelApp.app/MarvelApp";
			};
			name = Release;
		};
		C22822E522285625009AB12C /* Debug */ = {
			isa = XCBuildConfiguration;
			baseConfigurationReference = BA67A846FA9CCD148EECEB7B /* Pods-MarvelAppUITests.debug.xcconfig */;
			buildSettings = {
				ALWAYS_EMBED_SWIFT_STANDARD_LIBRARIES = YES;
				CODE_SIGN_STYLE = Automatic;
				INFOPLIST_FILE = MarvelAppUITests/Info.plist;
				LD_RUNPATH_SEARCH_PATHS = (
					"$(inherited)",
					"@executable_path/Frameworks",
					"@loader_path/Frameworks",
				);
				PRODUCT_BUNDLE_IDENTIFIER = com.mv.MarvelAppUITests;
				PRODUCT_NAME = "$(TARGET_NAME)";
				SWIFT_VERSION = 4.2;
				TARGETED_DEVICE_FAMILY = "1,2";
				TEST_TARGET_NAME = MarvelApp;
			};
			name = Debug;
		};
		C22822E622285625009AB12C /* Release */ = {
			isa = XCBuildConfiguration;
			baseConfigurationReference = 2FF82A28A35D812B22A368DF /* Pods-MarvelAppUITests.release.xcconfig */;
			buildSettings = {
				ALWAYS_EMBED_SWIFT_STANDARD_LIBRARIES = YES;
				CODE_SIGN_STYLE = Automatic;
				INFOPLIST_FILE = MarvelAppUITests/Info.plist;
				LD_RUNPATH_SEARCH_PATHS = (
					"$(inherited)",
					"@executable_path/Frameworks",
					"@loader_path/Frameworks",
				);
				PRODUCT_BUNDLE_IDENTIFIER = com.mv.MarvelAppUITests;
				PRODUCT_NAME = "$(TARGET_NAME)";
				SWIFT_VERSION = 4.2;
				TARGETED_DEVICE_FAMILY = "1,2";
				TEST_TARGET_NAME = MarvelApp;
			};
			name = Release;
		};
/* End XCBuildConfiguration section */

/* Begin XCConfigurationList section */
		C22822AF22285624009AB12C /* Build configuration list for PBXProject "MarvelApp" */ = {
			isa = XCConfigurationList;
			buildConfigurations = (
				C22822DC22285625009AB12C /* Debug */,
				C22822DD22285625009AB12C /* Release */,
			);
			defaultConfigurationIsVisible = 0;
			defaultConfigurationName = Release;
		};
		C22822DE22285625009AB12C /* Build configuration list for PBXNativeTarget "MarvelApp" */ = {
			isa = XCConfigurationList;
			buildConfigurations = (
				C22822DF22285625009AB12C /* Debug */,
				C22822E022285625009AB12C /* Release */,
			);
			defaultConfigurationIsVisible = 0;
			defaultConfigurationName = Release;
		};
		C22822E122285625009AB12C /* Build configuration list for PBXNativeTarget "MarvelAppTests" */ = {
			isa = XCConfigurationList;
			buildConfigurations = (
				C22822E222285625009AB12C /* Debug */,
				C22822E322285625009AB12C /* Release */,
			);
			defaultConfigurationIsVisible = 0;
			defaultConfigurationName = Release;
		};
		C22822E422285625009AB12C /* Build configuration list for PBXNativeTarget "MarvelAppUITests" */ = {
			isa = XCConfigurationList;
			buildConfigurations = (
				C22822E522285625009AB12C /* Debug */,
				C22822E622285625009AB12C /* Release */,
			);
			defaultConfigurationIsVisible = 0;
			defaultConfigurationName = Release;
		};
/* End XCConfigurationList section */
	};
	rootObject = C22822AC22285624009AB12C /* Project object */;
}
